
Microsoft Visual Studio Solution File, Format Version 12.00
# Visual Studio Version 17
VisualStudioVersion = 17.10.35122.118
MinimumVisualStudioVersion = 10.0.40219.1
Project("{FAE04EC0-301F-11D3-BF4B-00C04F79EFBC}") = "ListaLigada.Logica", "ListaLigada.Logica\ListaLigada.Logica.csproj", "{B51CF976-16DF-48F5-90A9-16F4919CFA7A}"
EndProject
Project("{FAE04EC0-301F-11D3-BF4B-00C04F79EFBC}") = "ListaLigada.UI.Consola", "ListaLigada.UI.Consola\ListaLigada.UI.Consola.csproj", "{4121576A-100D-421A-9B0D-F14F3DD023EC}"
EndProject
Global
	GlobalSection(SolutionConfigurationPlatforms) = preSolution
		Debug|Any CPU = Debug|Any CPU
		Release|Any CPU = Release|Any CPU
	EndGlobalSection
	GlobalSection(ProjectConfigurationPlatforms) = postSolution
		{B51CF976-16DF-48F5-90A9-16F4919CFA7A}.Debug|Any CPU.ActiveCfg = Debug|Any CPU
		{B51CF976-16DF-48F5-90A9-16F4919CFA7A}.Debug|Any CPU.Build.0 = Debug|Any CPU
		{B51CF976-16DF-48F5-90A9-16F4919CFA7A}.Release|Any CPU.ActiveCfg = Release|Any CPU
		{B51CF976-16DF-48F5-90A9-16F4919CFA7A}.Release|Any CPU.Build.0 = Release|Any CPU
		{4121576A-100D-421A-9B0D-F14F3DD023EC}.Debug|Any CPU.ActiveCfg = Debug|Any CPU
		{4121576A-100D-421A-9B0D-F14F3DD023EC}.Debug|Any CPU.Build.0 = Debug|Any CPU
		{4121576A-100D-421A-9B0D-F14F3DD023EC}.Release|Any CPU.ActiveCfg = Release|Any CPU
		{4121576A-100D-421A-9B0D-F14F3DD023EC}.Release|Any CPU.Build.0 = Release|Any CPU
	EndGlobalSection
	GlobalSection(SolutionProperties) = preSolution
		HideSolutionNode = FALSE
	EndGlobalSection
	GlobalSection(ExtensibilityGlobals) = postSolution
		SolutionGuid = {61866C46-CB72-44E3-8C10-1C58C6DD7EA7}
	EndGlobalSection
EndGlobal
